
Microsoft Visual Studio Solution File, Format Version 12.00
# Visual Studio Version 17
VisualStudioVersion = 17.0.31903.59
MinimumVisualStudioVersion = 10.0.40219.1
Project("{2150E333-8FDC-42A3-9474-1A3956D46DE8}") = "Tests", "Tests", "{1C464737-4C57-43E8-BC24-212F49A4AD11}"
EndProject
Project("{9A19103F-16F7-4668-BE54-9A1E7A4F7556}") = "Application.UnitTests", "tests\Application.UnitTests\Application.UnitTests.csproj", "{22AABC14-A52C-4000-AECF-65289F9309C8}"
EndProject
Project("{9A19103F-16F7-4668-BE54-9A1E7A4F7556}") = "Infrastructure.UnitTests", "tests\Infrastructure.UnitTests\Infrastructure.UnitTests.csproj", "{C15C5128-3CFC-41D0-8568-04787D2034EB}"
EndProject
Project("{9A19103F-16F7-4668-BE54-9A1E7A4F7556}") = "WebAPI.IntegrationTests", "tests\WebAPI.IntegrationTests\WebAPI.IntegrationTests.csproj", "{D8F77993-04B1-4BD0-B0F4-80F311099296}"
EndProject
Project("{9A19103F-16F7-4668-BE54-9A1E7A4F7556}") = "WebAPI.UnitTests", "tests\WebAPI.UnitTests\WebAPI.UnitTests.csproj", "{8A838037-418C-4EAA-AD41-170F46BEF472}"
EndProject
Project("{9A19103F-16F7-4668-BE54-9A1E7A4F7556}") = "Application", "src\Application\Application.csproj", "{C0A0FF81-0AD5-4DA4-A83C-8A597282124B}"
EndProject
Project("{9A19103F-16F7-4668-BE54-9A1E7A4F7556}") = "Domain", "src\Domain\Domain.csproj", "{7475AA74-6ED8-4A7F-8543-B8E40ADEF818}"
EndProject
Project("{9A19103F-16F7-4668-BE54-9A1E7A4F7556}") = "Infrastructure", "src\Infrastructure\Infrastructure.csproj", "{72F86F0E-0237-4E94-A5A4-5ECBE4878356}"
EndProject
Project("{9A19103F-16F7-4668-BE54-9A1E7A4F7556}") = "WebAPI", "src\WebAPI\WebAPI.csproj", "{C6CC7C9C-1537-4C68-867F-99B0E188C08F}"
EndProject
Project("{54A90642-561A-4BB1-A94E-469ADEE60C69}") = "WebUI", "src\WebUI\WebUI.esproj", "{CC946622-EA0A-4D68-B586-8526AE5A2452}"
EndProject
Global
	GlobalSection(SolutionConfigurationPlatforms) = preSolution
		Debug|Any CPU = Debug|Any CPU
		Release|Any CPU = Release|Any CPU
	EndGlobalSection
	GlobalSection(ProjectConfigurationPlatforms) = postSolution
		{22AABC14-A52C-4000-AECF-65289F9309C8}.Debug|Any CPU.ActiveCfg = Debug|Any CPU
		{22AABC14-A52C-4000-AECF-65289F9309C8}.Debug|Any CPU.Build.0 = Debug|Any CPU
		{22AABC14-A52C-4000-AECF-65289F9309C8}.Release|Any CPU.ActiveCfg = Release|Any CPU
		{22AABC14-A52C-4000-AECF-65289F9309C8}.Release|Any CPU.Build.0 = Release|Any CPU
		{C15C5128-3CFC-41D0-8568-04787D2034EB}.Debug|Any CPU.ActiveCfg = Debug|Any CPU
		{C15C5128-3CFC-41D0-8568-04787D2034EB}.Debug|Any CPU.Build.0 = Debug|Any CPU
		{C15C5128-3CFC-41D0-8568-04787D2034EB}.Release|Any CPU.ActiveCfg = Release|Any CPU
		{C15C5128-3CFC-41D0-8568-04787D2034EB}.Release|Any CPU.Build.0 = Release|Any CPU
		{D8F77993-04B1-4BD0-B0F4-80F311099296}.Debug|Any CPU.ActiveCfg = Debug|Any CPU
		{D8F77993-04B1-4BD0-B0F4-80F311099296}.Debug|Any CPU.Build.0 = Debug|Any CPU
		{D8F77993-04B1-4BD0-B0F4-80F311099296}.Release|Any CPU.ActiveCfg = Release|Any CPU
		{D8F77993-04B1-4BD0-B0F4-80F311099296}.Release|Any CPU.Build.0 = Release|Any CPU
		{8A838037-418C-4EAA-AD41-170F46BEF472}.Debug|Any CPU.ActiveCfg = Debug|Any CPU
		{8A838037-418C-4EAA-AD41-170F46BEF472}.Debug|Any CPU.Build.0 = Debug|Any CPU
		{8A838037-418C-4EAA-AD41-170F46BEF472}.Release|Any CPU.ActiveCfg = Release|Any CPU
		{8A838037-418C-4EAA-AD41-170F46BEF472}.Release|Any CPU.Build.0 = Release|Any CPU
		{C0A0FF81-0AD5-4DA4-A83C-8A597282124B}.Debug|Any CPU.ActiveCfg = Debug|Any CPU
		{C0A0FF81-0AD5-4DA4-A83C-8A597282124B}.Debug|Any CPU.Build.0 = Debug|Any CPU
		{C0A0FF81-0AD5-4DA4-A83C-8A597282124B}.Release|Any CPU.ActiveCfg = Release|Any CPU
		{C0A0FF81-0AD5-4DA4-A83C-8A597282124B}.Release|Any CPU.Build.0 = Release|Any CPU
		{7475AA74-6ED8-4A7F-8543-B8E40ADEF818}.Debug|Any CPU.ActiveCfg = Debug|Any CPU
		{7475AA74-6ED8-4A7F-8543-B8E40ADEF818}.Debug|Any CPU.Build.0 = Debug|Any CPU
		{7475AA74-6ED8-4A7F-8543-B8E40ADEF818}.Release|Any CPU.ActiveCfg = Release|Any CPU
		{7475AA74-6ED8-4A7F-8543-B8E40ADEF818}.Release|Any CPU.Build.0 = Release|Any CPU
		{72F86F0E-0237-4E94-A5A4-5ECBE4878356}.Debug|Any CPU.ActiveCfg = Debug|Any CPU
		{72F86F0E-0237-4E94-A5A4-5ECBE4878356}.Debug|Any CPU.Build.0 = Debug|Any CPU
		{72F86F0E-0237-4E94-A5A4-5ECBE4878356}.Release|Any CPU.ActiveCfg = Release|Any CPU
		{72F86F0E-0237-4E94-A5A4-5ECBE4878356}.Release|Any CPU.Build.0 = Release|Any CPU
		{C6CC7C9C-1537-4C68-867F-99B0E188C08F}.Debug|Any CPU.ActiveCfg = Debug|Any CPU
		{C6CC7C9C-1537-4C68-867F-99B0E188C08F}.Debug|Any CPU.Build.0 = Debug|Any CPU
		{C6CC7C9C-1537-4C68-867F-99B0E188C08F}.Release|Any CPU.ActiveCfg = Release|Any CPU
		{C6CC7C9C-1537-4C68-867F-99B0E188C08F}.Release|Any CPU.Build.0 = Release|Any CPU
		{CC946622-EA0A-4D68-B586-8526AE5A2452}.Debug|Any CPU.ActiveCfg = Debug|Any CPU
		{CC946622-EA0A-4D68-B586-8526AE5A2452}.Debug|Any CPU.Build.0 = Debug|Any CPU
		{CC946622-EA0A-4D68-B586-8526AE5A2452}.Debug|Any CPU.Deploy.0 = Debug|Any CPU
		{CC946622-EA0A-4D68-B586-8526AE5A2452}.Release|Any CPU.ActiveCfg = Release|Any CPU
		{CC946622-EA0A-4D68-B586-8526AE5A2452}.Release|Any CPU.Build.0 = Release|Any CPU
		{CC946622-EA0A-4D68-B586-8526AE5A2452}.Release|Any CPU.Deploy.0 = Release|Any CPU
	EndGlobalSection
	GlobalSection(SolutionProperties) = preSolution
		HideSolutionNode = FALSE
	EndGlobalSection
	GlobalSection(NestedProjects) = preSolution
		{22AABC14-A52C-4000-AECF-65289F9309C8} = {1C464737-4C57-43E8-BC24-212F49A4AD11}
		{C15C5128-3CFC-41D0-8568-04787D2034EB} = {1C464737-4C57-43E8-BC24-212F49A4AD11}
		{D8F77993-04B1-4BD0-B0F4-80F311099296} = {1C464737-4C57-43E8-BC24-212F49A4AD11}
		{8A838037-418C-4EAA-AD41-170F46BEF472} = {1C464737-4C57-43E8-BC24-212F49A4AD11}
	EndGlobalSection
	GlobalSection(ExtensibilityGlobals) = postSolution
		SolutionGuid = {88B5E0F0-95D5-43FA-9100-21037EC69740}
	EndGlobalSection
EndGlobal
